Microsoft Visual Studio Solution File, Format Version 11.00
# Visual Studio 2008

Project("{27D6FBB5-FBEA-CB52-C2D8-A8108ADBBC88}") = "2D_SciFi_MMO", "Assembly-CSharp.csproj", "{DB505F15-E77F-5482-C623-FC97A626B155}"
EndProject
Global
	GlobalSection(SolutionConfigurationPlatforms) = preSolution
		Debug|Any CPU = Debug|Any CPU
		Release|Any CPU = Release|Any CPU
	EndGlobalSection
	GlobalSection(ProjectConfigurationPlatforms) = postSolution
		{DB505F15-E77F-5482-C623-FC97A626B155}.Debug|Any CPU.ActiveCfg = Debug|Any CPU
		{DB505F15-E77F-5482-C623-FC97A626B155}.Debug|Any CPU.Build.0 = Debug|Any CPU
		{DB505F15-E77F-5482-C623-FC97A626B155}.Release|Any CPU.ActiveCfg = Release|Any CPU
		{DB505F15-E77F-5482-C623-FC97A626B155}.Release|Any CPU.Build.0 = Release|Any CPU
	EndGlobalSection
	GlobalSection(SolutionProperties) = preSolution
		HideSolutionNode = FALSE
	EndGlobalSection
	GlobalSection(MonoDevelopProperties) = preSolution
		StartupItem = Assembly-CSharp.csproj
	EndGlobalSection
EndGlobal
